
Microsoft Visual Studio Solution File, Format Version 12.00
# Visual Studio 15
VisualStudioVersion = 15.0.26730.16
MinimumVisualStudioVersion = 10.0.40219.1
Project("{FAE04EC0-301F-11D3-BF4B-00C04F79EFBC}") = "ShoppingBasket", "ShoppingBasket\ShoppingBasket.csproj", "{365BD4F7-D93A-4BF3-8647-EE07E1594173}"
EndProject
Project("{FAE04EC0-301F-11D3-BF4B-00C04F79EFBC}") = "BasketLibrary", "BasketLibrary\BasketLibrary.csproj", "{CCC617FD-E13D-426D-AF8A-510A97DB67B9}"
EndProject
Project("{FAE04EC0-301F-11D3-BF4B-00C04F79EFBC}") = "ProjectTests", "ShoppingBasketTests\ProjectTests.csproj", "{DBD1C0F3-9833-421C-9F97-F5B62ECFF775}"
EndProject
Global
	GlobalSection(SolutionConfigurationPlatforms) = preSolution
		Debug|Any CPU = Debug|Any CPU
		Release|Any CPU = Release|Any CPU
	EndGlobalSection
	GlobalSection(ProjectConfigurationPlatforms) = postSolution
		{365BD4F7-D93A-4BF3-8647-EE07E1594173}.Debug|Any CPU.ActiveCfg = Debug|Any CPU
		{365BD4F7-D93A-4BF3-8647-EE07E1594173}.Debug|Any CPU.Build.0 = Debug|Any CPU
		{365BD4F7-D93A-4BF3-8647-EE07E1594173}.Release|Any CPU.ActiveCfg = Release|Any CPU
		{365BD4F7-D93A-4BF3-8647-EE07E1594173}.Release|Any CPU.Build.0 = Release|Any CPU
		{CCC617FD-E13D-426D-AF8A-510A97DB67B9}.Debug|Any CPU.ActiveCfg = Debug|Any CPU
		{CCC617FD-E13D-426D-AF8A-510A97DB67B9}.Debug|Any CPU.Build.0 = Debug|Any CPU
		{CCC617FD-E13D-426D-AF8A-510A97DB67B9}.Release|Any CPU.ActiveCfg = Release|Any CPU
		{CCC617FD-E13D-426D-AF8A-510A97DB67B9}.Release|Any CPU.Build.0 = Release|Any CPU
		{DBD1C0F3-9833-421C-9F97-F5B62ECFF775}.Debug|Any CPU.ActiveCfg = Debug|Any CPU
		{DBD1C0F3-9833-421C-9F97-F5B62ECFF775}.Debug|Any CPU.Build.0 = Debug|Any CPU
		{DBD1C0F3-9833-421C-9F97-F5B62ECFF775}.Release|Any CPU.ActiveCfg = Release|Any CPU
		{DBD1C0F3-9833-421C-9F97-F5B62ECFF775}.Release|Any CPU.Build.0 = Release|Any CPU
	EndGlobalSection
	GlobalSection(SolutionProperties) = preSolution
		HideSolutionNode = FALSE
	EndGlobalSection
	GlobalSection(ExtensibilityGlobals) = postSolution
		SolutionGuid = {50117227-B77E-49AD-9436-F31E18B175E3}
	EndGlobalSection
EndGlobal
